
Microsoft Visual Studio Solution File, Format Version 12.00
# Visual Studio Version 17
VisualStudioVersion = 17.5.33516.290
MinimumVisualStudioVersion = 10.0.40219.1
Project("{9A19103F-16F7-4668-BE54-9A1E7A4F7556}") = "CryptoCompare", "binance_0.1\CryptoCompare.csproj", "{30E42025-D3DA-4E75-9F04-F6218F556950}"
EndProject
Global
	GlobalSection(SolutionConfigurationPlatforms) = preSolution
		Debug|Any CPU = Debug|Any CPU
		Release|Any CPU = Release|Any CPU
	EndGlobalSection
	GlobalSection(ProjectConfigurationPlatforms) = postSolution
		{30E42025-D3DA-4E75-9F04-F6218F556950}.Debug|Any CPU.ActiveCfg = Debug|Any CPU
		{30E42025-D3DA-4E75-9F04-F6218F556950}.Debug|Any CPU.Build.0 = Debug|Any CPU
		{30E42025-D3DA-4E75-9F04-F6218F556950}.Release|Any CPU.ActiveCfg = Release|Any CPU
		{30E42025-D3DA-4E75-9F04-F6218F556950}.Release|Any CPU.Build.0 = Release|Any CPU
	EndGlobalSection
	GlobalSection(SolutionProperties) = preSolution
		HideSolutionNode = FALSE
	EndGlobalSection
	GlobalSection(ExtensibilityGlobals) = postSolution
		SolutionGuid = {53E35D20-0FE4-42D1-A2CA-26C1D90BB60E}
	EndGlobalSection
EndGlobal
